
Microsoft Visual Studio Solution File, Format Version 12.00
# Visual Studio Version 17
VisualStudioVersion = 17.8.34511.84
MinimumVisualStudioVersion = 10.0.40219.1
Project("{FAE04EC0-301F-11D3-BF4B-00C04F79EFBC}") = "PatientDataWeb", "PatientDataWeb\PatientDataWeb.csproj", "{C5FC4C7A-2778-4B56-8820-6E72BCA2AEEB}"
EndProject
Project("{00D1A9C2-B5F0-4AF3-8072-F6C62B433612}") = "PatientDataDB", "PatientDataDB\PatientDataDB.sqlproj", "{962692FB-A148-47F1-9982-D4E75E417DA1}"
EndProject
Global
	GlobalSection(SolutionConfigurationPlatforms) = preSolution
		Debug|Any CPU = Debug|Any CPU
		Release|Any CPU = Release|Any CPU
	EndGlobalSection
	GlobalSection(ProjectConfigurationPlatforms) = postSolution
		{C5FC4C7A-2778-4B56-8820-6E72BCA2AEEB}.Debug|Any CPU.ActiveCfg = Debug|Any CPU
		{C5FC4C7A-2778-4B56-8820-6E72BCA2AEEB}.Debug|Any CPU.Build.0 = Debug|Any CPU
		{C5FC4C7A-2778-4B56-8820-6E72BCA2AEEB}.Release|Any CPU.ActiveCfg = Release|Any CPU
		{C5FC4C7A-2778-4B56-8820-6E72BCA2AEEB}.Release|Any CPU.Build.0 = Release|Any CPU
		{962692FB-A148-47F1-9982-D4E75E417DA1}.Debug|Any CPU.ActiveCfg = Debug|Any CPU
		{962692FB-A148-47F1-9982-D4E75E417DA1}.Debug|Any CPU.Build.0 = Debug|Any CPU
		{962692FB-A148-47F1-9982-D4E75E417DA1}.Debug|Any CPU.Deploy.0 = Debug|Any CPU
		{962692FB-A148-47F1-9982-D4E75E417DA1}.Release|Any CPU.ActiveCfg = Release|Any CPU
		{962692FB-A148-47F1-9982-D4E75E417DA1}.Release|Any CPU.Build.0 = Release|Any CPU
		{962692FB-A148-47F1-9982-D4E75E417DA1}.Release|Any CPU.Deploy.0 = Release|Any CPU
	EndGlobalSection
	GlobalSection(SolutionProperties) = preSolution
		HideSolutionNode = FALSE
	EndGlobalSection
	GlobalSection(ExtensibilityGlobals) = postSolution
		SolutionGuid = {F4F456B6-E6B8-4A01-985A-6F00F4ED2DAF}
	EndGlobalSection
EndGlobal
